
Microsoft Visual Studio Solution File, Format Version 12.00
# Visual Studio 14
VisualStudioVersion = 14.0.23107.0
MinimumVisualStudioVersion = 10.0.40219.1
Project("{2150E333-8FDC-42A3-9474-1A3956D46DE8}") = "Common", "Common", "{222693B1-789B-46BA-8DBA-E89EF3070AF9}"
EndProject
Project("{2150E333-8FDC-42A3-9474-1A3956D46DE8}") = "Web", "Web", "{4F4D1E7B-E1CF-4A25-948F-03E35C70A355}"
EndProject
Project("{2150E333-8FDC-42A3-9474-1A3956D46DE8}") = "Data", "Data", "{0895C9A6-CE30-4275-A619-92F75E529E99}"
EndProject
Project("{2150E333-8FDC-42A3-9474-1A3956D46DE8}") = "Tests", "Tests", "{C2A7F655-897B-447C-90BA-5322E5EA7974}"
EndProject
Project("{FAE04EC0-301F-11D3-BF4B-00C04F79EFBC}") = "BullsAndCows.Common", "Common\BullsAndCows.Common\BullsAndCows.Common.csproj", "{CABFB20B-57DF-4077-8861-BC5133B6A60C}"
EndProject
Project("{FAE04EC0-301F-11D3-BF4B-00C04F79EFBC}") = "BullsAndCows.Data.Models", "Data\BullsAndCows.Data.Models\BullsAndCows.Data.Models.csproj", "{D903C6D0-74EB-4D94-9D12-0BA0658AB5EA}"
EndProject
Project("{FAE04EC0-301F-11D3-BF4B-00C04F79EFBC}") = "BullsAndCows.Data.Common", "Data\BullsAndCows.Data.Common\BullsAndCows.Data.Common.csproj", "{570923B1-7B5E-44D3-8C75-2F875A07F737}"
EndProject
Project("{FAE04EC0-301F-11D3-BF4B-00C04F79EFBC}") = "BullsAndCows.Data", "Data\BullsAndCows.Data\BullsAndCows.Data.csproj", "{27C7C7DE-9968-4F8F-B742-0680D6D9E0BD}"
EndProject
Project("{2150E333-8FDC-42A3-9474-1A3956D46DE8}") = "Services", "Services", "{56A448B3-98D8-42C0-AB2F-66950BD0D04F}"
EndProject
Project("{FAE04EC0-301F-11D3-BF4B-00C04F79EFBC}") = "BullsAndCows.Services", "Services\BullsAndCows.Services\BullsAndCows.Services.csproj", "{69A35D94-59F4-48FE-BCE5-50FEDCD3C5CB}"
EndProject
Project("{FAE04EC0-301F-11D3-BF4B-00C04F79EFBC}") = "BullsAndCows.Services.Common", "Services\BullsAndCows.Services.Common\BullsAndCows.Services.Common.csproj", "{ED736768-F30B-45BE-9FAE-8B4D2853532C}"
EndProject
Project("{FAE04EC0-301F-11D3-BF4B-00C04F79EFBC}") = "BullsAndCows.Web.Api.Tests", "Tests\BullsAndCows.Web.Api.Tests\BullsAndCows.Web.Api.Tests.csproj", "{BFD55D8F-46AC-496B-8992-48816760C95D}"
EndProject
Project("{FAE04EC0-301F-11D3-BF4B-00C04F79EFBC}") = "BullsAndCows.Web.Api", "Web\BullsAndCows.Web.Api\BullsAndCows.Web.Api.csproj", "{59CDA9CC-6566-44D4-A770-E3826881BE60}"
EndProject
Project("{FAE04EC0-301F-11D3-BF4B-00C04F79EFBC}") = "BullsAndCows.Web.Infrastructure", "Web\BullsAndCows.Web.Infrastructure\BullsAndCows.Web.Infrastructure.csproj", "{3FF069B0-A387-4532-A61D-FE945C9DEF63}"
EndProject
Global
	GlobalSection(SolutionConfigurationPlatforms) = preSolution
		Debug|Any CPU = Debug|Any CPU
		Release|Any CPU = Release|Any CPU
	EndGlobalSection
	GlobalSection(ProjectConfigurationPlatforms) = postSolution
		{CABFB20B-57DF-4077-8861-BC5133B6A60C}.Debug|Any CPU.ActiveCfg = Debug|Any CPU
		{CABFB20B-57DF-4077-8861-BC5133B6A60C}.Debug|Any CPU.Build.0 = Debug|Any CPU
		{CABFB20B-57DF-4077-8861-BC5133B6A60C}.Release|Any CPU.ActiveCfg = Release|Any CPU
		{CABFB20B-57DF-4077-8861-BC5133B6A60C}.Release|Any CPU.Build.0 = Release|Any CPU
		{D903C6D0-74EB-4D94-9D12-0BA0658AB5EA}.Debug|Any CPU.ActiveCfg = Debug|Any CPU
		{D903C6D0-74EB-4D94-9D12-0BA0658AB5EA}.Debug|Any CPU.Build.0 = Debug|Any CPU
		{D903C6D0-74EB-4D94-9D12-0BA0658AB5EA}.Release|Any CPU.ActiveCfg = Release|Any CPU
		{D903C6D0-74EB-4D94-9D12-0BA0658AB5EA}.Release|Any CPU.Build.0 = Release|Any CPU
		{570923B1-7B5E-44D3-8C75-2F875A07F737}.Debug|Any CPU.ActiveCfg = Debug|Any CPU
		{570923B1-7B5E-44D3-8C75-2F875A07F737}.Debug|Any CPU.Build.0 = Debug|Any CPU
		{570923B1-7B5E-44D3-8C75-2F875A07F737}.Release|Any CPU.ActiveCfg = Release|Any CPU
		{570923B1-7B5E-44D3-8C75-2F875A07F737}.Release|Any CPU.Build.0 = Release|Any CPU
		{27C7C7DE-9968-4F8F-B742-0680D6D9E0BD}.Debug|Any CPU.ActiveCfg = Debug|Any CPU
		{27C7C7DE-9968-4F8F-B742-0680D6D9E0BD}.Debug|Any CPU.Build.0 = Debug|Any CPU
		{27C7C7DE-9968-4F8F-B742-0680D6D9E0BD}.Release|Any CPU.ActiveCfg = Release|Any CPU
		{27C7C7DE-9968-4F8F-B742-0680D6D9E0BD}.Release|Any CPU.Build.0 = Release|Any CPU
		{69A35D94-59F4-48FE-BCE5-50FEDCD3C5CB}.Debug|Any CPU.ActiveCfg = Debug|Any CPU
		{69A35D94-59F4-48FE-BCE5-50FEDCD3C5CB}.Debug|Any CPU.Build.0 = Debug|Any CPU
		{69A35D94-59F4-48FE-BCE5-50FEDCD3C5CB}.Release|Any CPU.ActiveCfg = Release|Any CPU
		{69A35D94-59F4-48FE-BCE5-50FEDCD3C5CB}.Release|Any CPU.Build.0 = Release|Any CPU
		{ED736768-F30B-45BE-9FAE-8B4D2853532C}.Debug|Any CPU.ActiveCfg = Debug|Any CPU
		{ED736768-F30B-45BE-9FAE-8B4D2853532C}.Debug|Any CPU.Build.0 = Debug|Any CPU
		{ED736768-F30B-45BE-9FAE-8B4D2853532C}.Release|Any CPU.ActiveCfg = Release|Any CPU
		{ED736768-F30B-45BE-9FAE-8B4D2853532C}.Release|Any CPU.Build.0 = Release|Any CPU
		{BFD55D8F-46AC-496B-8992-48816760C95D}.Debug|Any CPU.ActiveCfg = Debug|Any CPU
		{BFD55D8F-46AC-496B-8992-48816760C95D}.Debug|Any CPU.Build.0 = Debug|Any CPU
		{BFD55D8F-46AC-496B-8992-48816760C95D}.Release|Any CPU.ActiveCfg = Release|Any CPU
		{BFD55D8F-46AC-496B-8992-48816760C95D}.Release|Any CPU.Build.0 = Release|Any CPU
		{59CDA9CC-6566-44D4-A770-E3826881BE60}.Debug|Any CPU.ActiveCfg = Debug|Any CPU
		{59CDA9CC-6566-44D4-A770-E3826881BE60}.Debug|Any CPU.Build.0 = Debug|Any CPU
		{59CDA9CC-6566-44D4-A770-E3826881BE60}.Release|Any CPU.ActiveCfg = Release|Any CPU
		{59CDA9CC-6566-44D4-A770-E3826881BE60}.Release|Any CPU.Build.0 = Release|Any CPU
		{3FF069B0-A387-4532-A61D-FE945C9DEF63}.Debug|Any CPU.ActiveCfg = Debug|Any CPU
		{3FF069B0-A387-4532-A61D-FE945C9DEF63}.Debug|Any CPU.Build.0 = Debug|Any CPU
		{3FF069B0-A387-4532-A61D-FE945C9DEF63}.Release|Any CPU.ActiveCfg = Release|Any CPU
		{3FF069B0-A387-4532-A61D-FE945C9DEF63}.Release|Any CPU.Build.0 = Release|Any CPU
	EndGlobalSection
	GlobalSection(SolutionProperties) = preSolution
		HideSolutionNode = FALSE
	EndGlobalSection
	GlobalSection(NestedProjects) = preSolution
		{CABFB20B-57DF-4077-8861-BC5133B6A60C} = {222693B1-789B-46BA-8DBA-E89EF3070AF9}
		{D903C6D0-74EB-4D94-9D12-0BA0658AB5EA} = {0895C9A6-CE30-4275-A619-92F75E529E99}
		{570923B1-7B5E-44D3-8C75-2F875A07F737} = {0895C9A6-CE30-4275-A619-92F75E529E99}
		{27C7C7DE-9968-4F8F-B742-0680D6D9E0BD} = {0895C9A6-CE30-4275-A619-92F75E529E99}
		{69A35D94-59F4-48FE-BCE5-50FEDCD3C5CB} = {56A448B3-98D8-42C0-AB2F-66950BD0D04F}
		{ED736768-F30B-45BE-9FAE-8B4D2853532C} = {56A448B3-98D8-42C0-AB2F-66950BD0D04F}
		{BFD55D8F-46AC-496B-8992-48816760C95D} = {C2A7F655-897B-447C-90BA-5322E5EA7974}
		{59CDA9CC-6566-44D4-A770-E3826881BE60} = {4F4D1E7B-E1CF-4A25-948F-03E35C70A355}
		{3FF069B0-A387-4532-A61D-FE945C9DEF63} = {4F4D1E7B-E1CF-4A25-948F-03E35C70A355}
	EndGlobalSection
EndGlobal
