
Microsoft Visual Studio Solution File, Format Version 11.00
# Visual Studio 2010
Project("{FAE04EC0-301F-11D3-BF4B-00C04F79EFBC}") = "01.Shapes", "01.Shapes\01.Shapes.csproj", "{7D8E35C0-BEBD-4111-ABC7-961B519CC458}"
EndProject
Project("{FAE04EC0-301F-11D3-BF4B-00C04F79EFBC}") = "02.Bank", "Bank\02.Bank.csproj", "{A6DA752D-625A-4048-B9FF-E220C17EA12A}"
EndProject
Project("{FAE04EC0-301F-11D3-BF4B-00C04F79EFBC}") = "03.InvalidRangeException", "03.InvalidRangeException\03.InvalidRangeException.csproj", "{2DC3A54E-2007-4BA2-86B7-7E20765A70B7}"
EndProject
Global
	GlobalSection(SolutionConfigurationPlatforms) = preSolution
		Debug|x86 = Debug|x86
		Release|x86 = Release|x86
	EndGlobalSection
	GlobalSection(ProjectConfigurationPlatforms) = postSolution
		{7D8E35C0-BEBD-4111-ABC7-961B519CC458}.Debug|x86.ActiveCfg = Debug|x86
		{7D8E35C0-BEBD-4111-ABC7-961B519CC458}.Debug|x86.Build.0 = Debug|x86
		{7D8E35C0-BEBD-4111-ABC7-961B519CC458}.Release|x86.ActiveCfg = Release|x86
		{7D8E35C0-BEBD-4111-ABC7-961B519CC458}.Release|x86.Build.0 = Release|x86
		{A6DA752D-625A-4048-B9FF-E220C17EA12A}.Debug|x86.ActiveCfg = Debug|x86
		{A6DA752D-625A-4048-B9FF-E220C17EA12A}.Debug|x86.Build.0 = Debug|x86
		{A6DA752D-625A-4048-B9FF-E220C17EA12A}.Release|x86.ActiveCfg = Release|x86
		{A6DA752D-625A-4048-B9FF-E220C17EA12A}.Release|x86.Build.0 = Release|x86
		{2DC3A54E-2007-4BA2-86B7-7E20765A70B7}.Debug|x86.ActiveCfg = Debug|x86
		{2DC3A54E-2007-4BA2-86B7-7E20765A70B7}.Debug|x86.Build.0 = Debug|x86
		{2DC3A54E-2007-4BA2-86B7-7E20765A70B7}.Release|x86.ActiveCfg = Release|x86
		{2DC3A54E-2007-4BA2-86B7-7E20765A70B7}.Release|x86.Build.0 = Release|x86
	EndGlobalSection
	GlobalSection(SolutionProperties) = preSolution
		HideSolutionNode = FALSE
	EndGlobalSection
EndGlobal
