
Microsoft Visual Studio Solution File, Format Version 12.00
# Visual Studio 14
VisualStudioVersion = 14.0.23107.0
MinimumVisualStudioVersion = 10.0.40219.1
Project("{FAE04EC0-301F-11D3-BF4B-00C04F79EFBC}") = "Zig-Zag", "Zig-Zag\Zig-Zag.csproj", "{B83CBEB9-5992-417E-B39F-13C9E9342337}"
EndProject
Global
	GlobalSection(SolutionConfigurationPlatforms) = preSolution
		Debug|Any CPU = Debug|Any CPU
		Release|Any CPU = Release|Any CPU
	EndGlobalSection
	GlobalSection(ProjectConfigurationPlatforms) = postSolution
		{B83CBEB9-5992-417E-B39F-13C9E9342337}.Debug|Any CPU.ActiveCfg = Debug|Any CPU
		{B83CBEB9-5992-417E-B39F-13C9E9342337}.Debug|Any CPU.Build.0 = Debug|Any CPU
		{B83CBEB9-5992-417E-B39F-13C9E9342337}.Release|Any CPU.ActiveCfg = Release|Any CPU
		{B83CBEB9-5992-417E-B39F-13C9E9342337}.Release|Any CPU.Build.0 = Release|Any CPU
	EndGlobalSection
	GlobalSection(SolutionProperties) = preSolution
		HideSolutionNode = FALSE
	EndGlobalSection
EndGlobal
