
Microsoft Visual Studio Solution File, Format Version 11.00
# Visual Studio 2010
Project("{FAE04EC0-301F-11D3-BF4B-00C04F79EFBC}") = "School", "School\School.csproj", "{84A6DA1F-5936-4B35-80B7-6DF71824E034}"
EndProject
Project("{FAE04EC0-301F-11D3-BF4B-00C04F79EFBC}") = "TestSchool", "TestSchool\TestSchool.csproj", "{A7FD08C4-9E71-4103-BDDF-4D54AA9A0072}"
EndProject
Project("{2150E333-8FDC-42A3-9474-1A3956D46DE8}") = "Solution Items", "Solution Items", "{7142F137-6DAA-4FAA-9179-82C70ED94EB1}"
	ProjectSection(SolutionItems) = preProject
		Local.testsettings = Local.testsettings
		School.vsmdi = School.vsmdi
		TraceAndTestImpact.testsettings = TraceAndTestImpact.testsettings
	EndProjectSection
EndProject
Global
	GlobalSection(TestCaseManagementSettings) = postSolution
		CategoryFile = School.vsmdi
	EndGlobalSection
	GlobalSection(SolutionConfigurationPlatforms) = preSolution
		Debug|Any CPU = Debug|Any CPU
		Debug|Mixed Platforms = Debug|Mixed Platforms
		Debug|x86 = Debug|x86
		Release|Any CPU = Release|Any CPU
		Release|Mixed Platforms = Release|Mixed Platforms
		Release|x86 = Release|x86
	EndGlobalSection
	GlobalSection(ProjectConfigurationPlatforms) = postSolution
		{84A6DA1F-5936-4B35-80B7-6DF71824E034}.Debug|Any CPU.ActiveCfg = Debug|x86
		{84A6DA1F-5936-4B35-80B7-6DF71824E034}.Debug|Mixed Platforms.ActiveCfg = Debug|x86
		{84A6DA1F-5936-4B35-80B7-6DF71824E034}.Debug|Mixed Platforms.Build.0 = Debug|x86
		{84A6DA1F-5936-4B35-80B7-6DF71824E034}.Debug|x86.ActiveCfg = Debug|x86
		{84A6DA1F-5936-4B35-80B7-6DF71824E034}.Debug|x86.Build.0 = Debug|x86
		{84A6DA1F-5936-4B35-80B7-6DF71824E034}.Release|Any CPU.ActiveCfg = Release|x86
		{84A6DA1F-5936-4B35-80B7-6DF71824E034}.Release|Mixed Platforms.ActiveCfg = Release|x86
		{84A6DA1F-5936-4B35-80B7-6DF71824E034}.Release|Mixed Platforms.Build.0 = Release|x86
		{84A6DA1F-5936-4B35-80B7-6DF71824E034}.Release|x86.ActiveCfg = Release|x86
		{84A6DA1F-5936-4B35-80B7-6DF71824E034}.Release|x86.Build.0 = Release|x86
		{A7FD08C4-9E71-4103-BDDF-4D54AA9A0072}.Debug|Any CPU.ActiveCfg = Debug|Any CPU
		{A7FD08C4-9E71-4103-BDDF-4D54AA9A0072}.Debug|Any CPU.Build.0 = Debug|Any CPU
		{A7FD08C4-9E71-4103-BDDF-4D54AA9A0072}.Debug|Mixed Platforms.ActiveCfg = Debug|Any CPU
		{A7FD08C4-9E71-4103-BDDF-4D54AA9A0072}.Debug|Mixed Platforms.Build.0 = Debug|Any CPU
		{A7FD08C4-9E71-4103-BDDF-4D54AA9A0072}.Debug|x86.ActiveCfg = Debug|Any CPU
		{A7FD08C4-9E71-4103-BDDF-4D54AA9A0072}.Release|Any CPU.ActiveCfg = Release|Any CPU
		{A7FD08C4-9E71-4103-BDDF-4D54AA9A0072}.Release|Any CPU.Build.0 = Release|Any CPU
		{A7FD08C4-9E71-4103-BDDF-4D54AA9A0072}.Release|Mixed Platforms.ActiveCfg = Release|Any CPU
		{A7FD08C4-9E71-4103-BDDF-4D54AA9A0072}.Release|Mixed Platforms.Build.0 = Release|Any CPU
		{A7FD08C4-9E71-4103-BDDF-4D54AA9A0072}.Release|x86.ActiveCfg = Release|Any CPU
	EndGlobalSection
	GlobalSection(SolutionProperties) = preSolution
		HideSolutionNode = FALSE
	EndGlobalSection
EndGlobal
