
Microsoft Visual Studio Solution File, Format Version 11.00
# Visual Studio 2010
Project("{FAE04EC0-301F-11D3-BF4B-00C04F79EFBC}") = "01.Conventer", "01.Conventer\01.Conventer.csproj", "{CFFEAC93-CFCC-42B3-98F7-B0CDAA8969C0}"
EndProject
Project("{FAE04EC0-301F-11D3-BF4B-00C04F79EFBC}") = "02.HumanPopulation", "02.HumanPopulation\02.HumanPopulation.csproj", "{7441F90B-6EEE-40F3-B03C-DD8F92063657}"
EndProject
Global
	GlobalSection(SolutionConfigurationPlatforms) = preSolution
		Debug|x86 = Debug|x86
		Release|x86 = Release|x86
	EndGlobalSection
	GlobalSection(ProjectConfigurationPlatforms) = postSolution
		{CFFEAC93-CFCC-42B3-98F7-B0CDAA8969C0}.Debug|x86.ActiveCfg = Debug|x86
		{CFFEAC93-CFCC-42B3-98F7-B0CDAA8969C0}.Debug|x86.Build.0 = Debug|x86
		{CFFEAC93-CFCC-42B3-98F7-B0CDAA8969C0}.Release|x86.ActiveCfg = Release|x86
		{CFFEAC93-CFCC-42B3-98F7-B0CDAA8969C0}.Release|x86.Build.0 = Release|x86
		{7441F90B-6EEE-40F3-B03C-DD8F92063657}.Debug|x86.ActiveCfg = Debug|x86
		{7441F90B-6EEE-40F3-B03C-DD8F92063657}.Debug|x86.Build.0 = Debug|x86
		{7441F90B-6EEE-40F3-B03C-DD8F92063657}.Release|x86.ActiveCfg = Release|x86
		{7441F90B-6EEE-40F3-B03C-DD8F92063657}.Release|x86.Build.0 = Release|x86
	EndGlobalSection
	GlobalSection(SolutionProperties) = preSolution
		HideSolutionNode = FALSE
	EndGlobalSection
EndGlobal
